
Microsoft Visual Studio Solution File, Format Version 12.00
# Visual Studio Version 17
VisualStudioVersion = 17.1.32414.318
MinimumVisualStudioVersion = 10.0.40219.1
Project("{FAE04EC0-301F-11D3-BF4B-00C04F79EFBC}") = "Metotlar", "Metotlar\Metotlar.csproj", "{7790DBBF-8F15-4797-B94A-F4D5FBCE70D2}"
EndProject
Global
	GlobalSection(SolutionConfigurationPlatforms) = preSolution
		Debug|Any CPU = Debug|Any CPU
		Release|Any CPU = Release|Any CPU
	EndGlobalSection
	GlobalSection(ProjectConfigurationPlatforms) = postSolution
		{7790DBBF-8F15-4797-B94A-F4D5FBCE70D2}.Debug|Any CPU.ActiveCfg = Debug|Any CPU
		{7790DBBF-8F15-4797-B94A-F4D5FBCE70D2}.Debug|Any CPU.Build.0 = Debug|Any CPU
		{7790DBBF-8F15-4797-B94A-F4D5FBCE70D2}.Release|Any CPU.ActiveCfg = Release|Any CPU
		{7790DBBF-8F15-4797-B94A-F4D5FBCE70D2}.Release|Any CPU.Build.0 = Release|Any CPU
	EndGlobalSection
	GlobalSection(SolutionProperties) = preSolution
		HideSolutionNode = FALSE
	EndGlobalSection
	GlobalSection(ExtensibilityGlobals) = postSolution
		SolutionGuid = {F301B8AE-ED1E-4A95-8E63-900751BB91B0}
	EndGlobalSection
EndGlobal
